
Microsoft Visual Studio Solution File, Format Version 12.00
# Visual Studio Version 16
VisualStudioVersion = 16.0.30105.148
MinimumVisualStudioVersion = 10.0.40219.1
Project("{F184B08F-C81C-45F6-A57F-5ABD9991F28F}") = "BDCCJ", "BDCCJ.vbproj", "{151D023B-4B41-438F-804D-D86ED10685F2}"
EndProject
Project("{F184B08F-C81C-45F6-A57F-5ABD9991F28F}") = "AccesoDatos", "..\AccesoDatos\AccesoDatos.vbproj", "{3498C800-7479-4139-9D27-83AF961AD63B}"
EndProject
Project("{54435603-DBB4-11D2-8724-00A0C9A8B90C}") = "BDCCJ - Instalador", "..\BDCCJ - Instalador\BDCCJ - Instalador.vdproj", "{C962A33C-E807-401D-A484-C7E976124B50}"
EndProject
Global
	GlobalSection(SolutionConfigurationPlatforms) = preSolution
		Debug|Any CPU = Debug|Any CPU
		Release|Any CPU = Release|Any CPU
	EndGlobalSection
	GlobalSection(ProjectConfigurationPlatforms) = postSolution
		{151D023B-4B41-438F-804D-D86ED10685F2}.Debug|Any CPU.ActiveCfg = Debug|Any CPU
		{151D023B-4B41-438F-804D-D86ED10685F2}.Debug|Any CPU.Build.0 = Debug|Any CPU
		{151D023B-4B41-438F-804D-D86ED10685F2}.Release|Any CPU.ActiveCfg = Release|Any CPU
		{151D023B-4B41-438F-804D-D86ED10685F2}.Release|Any CPU.Build.0 = Release|Any CPU
		{3498C800-7479-4139-9D27-83AF961AD63B}.Debug|Any CPU.ActiveCfg = Debug|Any CPU
		{3498C800-7479-4139-9D27-83AF961AD63B}.Debug|Any CPU.Build.0 = Debug|Any CPU
		{3498C800-7479-4139-9D27-83AF961AD63B}.Release|Any CPU.ActiveCfg = Release|Any CPU
		{3498C800-7479-4139-9D27-83AF961AD63B}.Release|Any CPU.Build.0 = Release|Any CPU
		{C962A33C-E807-401D-A484-C7E976124B50}.Debug|Any CPU.ActiveCfg = Debug
		{C962A33C-E807-401D-A484-C7E976124B50}.Release|Any CPU.ActiveCfg = Release
	EndGlobalSection
	GlobalSection(SolutionProperties) = preSolution
		HideSolutionNode = FALSE
	EndGlobalSection
	GlobalSection(ExtensibilityGlobals) = postSolution
		SolutionGuid = {7B1A5537-A918-4D16-8603-A1BFD7AC9FFB}
	EndGlobalSection
EndGlobal
